
Microsoft Visual Studio Solution File, Format Version 12.00
# Visual Studio Version 17
VisualStudioVersion = 17.4.33213.308
MinimumVisualStudioVersion = 10.0.40219.1
Project("{FAE04EC0-301F-11D3-BF4B-00C04F79EFBC}") = "API_CityInfo", "API_CityInfo\API_CityInfo.csproj", "{0244ECB7-B7BA-4744-9838-1BBCC6E185BC}"
EndProject
Global
	GlobalSection(SolutionConfigurationPlatforms) = preSolution
		Debug|Any CPU = Debug|Any CPU
		Release|Any CPU = Release|Any CPU
	EndGlobalSection
	GlobalSection(ProjectConfigurationPlatforms) = postSolution
		{0244ECB7-B7BA-4744-9838-1BBCC6E185BC}.Debug|Any CPU.ActiveCfg = Debug|Any CPU
		{0244ECB7-B7BA-4744-9838-1BBCC6E185BC}.Debug|Any CPU.Build.0 = Debug|Any CPU
		{0244ECB7-B7BA-4744-9838-1BBCC6E185BC}.Release|Any CPU.ActiveCfg = Release|Any CPU
		{0244ECB7-B7BA-4744-9838-1BBCC6E185BC}.Release|Any CPU.Build.0 = Release|Any CPU
	EndGlobalSection
	GlobalSection(SolutionProperties) = preSolution
		HideSolutionNode = FALSE
	EndGlobalSection
	GlobalSection(ExtensibilityGlobals) = postSolution
		SolutionGuid = {663F062C-DFF7-4BE9-BF26-E9C97C376516}
	EndGlobalSection
EndGlobal
